
Microsoft Visual Studio Solution File, Format Version 12.00
# Visual Studio Version 17
VisualStudioVersion = 17.8.34309.116
MinimumVisualStudioVersion = 10.0.40219.1
Project("{FAE04EC0-301F-11D3-BF4B-00C04F79EFBC}") = "WebApi", "WebApi\WebApi.csproj", "{2A163FDE-9C08-460A-92B0-B7ACD447F07D}"
EndProject
Global
	GlobalSection(SolutionConfigurationPlatforms) = preSolution
		Debug|Any CPU = Debug|Any CPU
		Release|Any CPU = Release|Any CPU
	EndGlobalSection
	GlobalSection(ProjectConfigurationPlatforms) = postSolution
		{2A163FDE-9C08-460A-92B0-B7ACD447F07D}.Debug|Any CPU.ActiveCfg = Debug|Any CPU
		{2A163FDE-9C08-460A-92B0-B7ACD447F07D}.Debug|Any CPU.Build.0 = Debug|Any CPU
		{2A163FDE-9C08-460A-92B0-B7ACD447F07D}.Release|Any CPU.ActiveCfg = Release|Any CPU
		{2A163FDE-9C08-460A-92B0-B7ACD447F07D}.Release|Any CPU.Build.0 = Release|Any CPU
	EndGlobalSection
	GlobalSection(SolutionProperties) = preSolution
		HideSolutionNode = FALSE
	EndGlobalSection
	GlobalSection(ExtensibilityGlobals) = postSolution
		SolutionGuid = {AB4B243C-59B2-42A2-948D-DF49174252B8}
	EndGlobalSection
EndGlobal
